
Microsoft Visual Studio Solution File, Format Version 12.00
# Visual Studio Version 17
VisualStudioVersion = 17.3.32929.385
MinimumVisualStudioVersion = 10.0.40219.1
Project("{FAE04EC0-301F-11D3-BF4B-00C04F79EFBC}") = "khizt", "khizt\khizt.csproj", "{096F1A8E-45B2-472D-83B3-9F62C6787994}"
EndProject
Global
	GlobalSection(SolutionConfigurationPlatforms) = preSolution
		Debug|Any CPU = Debug|Any CPU
		Release|Any CPU = Release|Any CPU
	EndGlobalSection
	GlobalSection(ProjectConfigurationPlatforms) = postSolution
		{096F1A8E-45B2-472D-83B3-9F62C6787994}.Debug|Any CPU.ActiveCfg = Debug|Any CPU
		{096F1A8E-45B2-472D-83B3-9F62C6787994}.Debug|Any CPU.Build.0 = Debug|Any CPU
		{096F1A8E-45B2-472D-83B3-9F62C6787994}.Release|Any CPU.ActiveCfg = Release|Any CPU
		{096F1A8E-45B2-472D-83B3-9F62C6787994}.Release|Any CPU.Build.0 = Release|Any CPU
	EndGlobalSection
	GlobalSection(SolutionProperties) = preSolution
		HideSolutionNode = FALSE
	EndGlobalSection
	GlobalSection(ExtensibilityGlobals) = postSolution
		SolutionGuid = {924F53FF-45B6-4691-9F02-972DDAE21186}
	EndGlobalSection
EndGlobal
